{
  "name": "slide",
  "version": "1.0.0",
  "lockfileVersion": 3,
  "requires": true,
  "packages": {
    "": {
      "name": "slide",
      "version": "1.0.0",
      "license": "CC0",
      "engines": {
        "npm": "please_use_pnpm_instead",
        "pnpm": "9.12.3",
        "yarn": "please_use_pnpm_instead"
      }
    }
  }
}
